
Microsoft Visual Studio Solution File, Format Version 12.00
# Visual Studio Version 17
VisualStudioVersion = 17.5.002.0
MinimumVisualStudioVersion = 10.0.40219.1
Project("{9A19103F-16F7-4668-BE54-9A1E7A4F7556}") = "TradingStrategySimulator", "TradingStrategySimulator.csproj", "{171BC92E-82E8-426A-AEF0-AA846B77CEAB}"
EndProject
Global
	GlobalSection(SolutionConfigurationPlatforms) = preSolution
		Debug|Any CPU = Debug|Any CPU
		Release|Any CPU = Release|Any CPU
	EndGlobalSection
	GlobalSection(ProjectConfigurationPlatforms) = postSolution
		{171BC92E-82E8-426A-AEF0-AA846B77CEAB}.Debug|Any CPU.ActiveCfg = Debug|Any CPU
		{171BC92E-82E8-426A-AEF0-AA846B77CEAB}.Debug|Any CPU.Build.0 = Debug|Any CPU
		{171BC92E-82E8-426A-AEF0-AA846B77CEAB}.Release|Any CPU.ActiveCfg = Release|Any CPU
		{171BC92E-82E8-426A-AEF0-AA846B77CEAB}.Release|Any CPU.Build.0 = Release|Any CPU
	EndGlobalSection
	GlobalSection(SolutionProperties) = preSolution
		HideSolutionNode = FALSE
	EndGlobalSection
	GlobalSection(ExtensibilityGlobals) = postSolution
		SolutionGuid = {36B391BD-3974-4D9B-BC56-29CC65B51F4C}
	EndGlobalSection
EndGlobal
